
Microsoft Visual Studio Solution File, Format Version 12.00
# Visual Studio Version 17
VisualStudioVersion = 17.3.32922.545
MinimumVisualStudioVersion = 10.0.40219.1
Project("{9A19103F-16F7-4668-BE54-9A1E7A4F7556}") = "VoeAirlines", "VoeAirlines.csproj", "{9C187537-0109-420C-A2F2-AD0C548BB0CD}"
EndProject
Global
	GlobalSection(SolutionConfigurationPlatforms) = preSolution
		Debug|Any CPU = Debug|Any CPU
		Release|Any CPU = Release|Any CPU
	EndGlobalSection
	GlobalSection(ProjectConfigurationPlatforms) = postSolution
		{9C187537-0109-420C-A2F2-AD0C548BB0CD}.Debug|Any CPU.ActiveCfg = Debug|Any CPU
		{9C187537-0109-420C-A2F2-AD0C548BB0CD}.Debug|Any CPU.Build.0 = Debug|Any CPU
		{9C187537-0109-420C-A2F2-AD0C548BB0CD}.Release|Any CPU.ActiveCfg = Release|Any CPU
		{9C187537-0109-420C-A2F2-AD0C548BB0CD}.Release|Any CPU.Build.0 = Release|Any CPU
	EndGlobalSection
	GlobalSection(SolutionProperties) = preSolution
		HideSolutionNode = FALSE
	EndGlobalSection
	GlobalSection(ExtensibilityGlobals) = postSolution
		SolutionGuid = {54226CB1-8BFA-43F7-B50B-4D1D617BE357}
	EndGlobalSection
EndGlobal
